
Microsoft Visual Studio Solution File, Format Version 12.00
# Visual Studio Version 16
VisualStudioVersion = 16.0.31605.320
MinimumVisualStudioVersion = 10.0.40219.1
Project("{FAE04EC0-301F-11D3-BF4B-00C04F79EFBC}") = "RepositoryPatternDemo.Api", "RepositoryPatternDemo.Api\RepositoryPatternDemo.Api.csproj", "{2556A736-AA78-40ED-8A91-25983F1A63FF}"
EndProject
Project("{FAE04EC0-301F-11D3-BF4B-00C04F79EFBC}") = "RepositoryPatternDemo.Core", "RepositoryPatternDemo.Core\RepositoryPatternDemo.Core.csproj", "{ECACC302-6021-4B9F-A753-5719F8F42ED8}"
EndProject
Project("{FAE04EC0-301F-11D3-BF4B-00C04F79EFBC}") = "RepositoryPatternDemo.EF", "RepositoryPatternDemo.EF\RepositoryPatternDemo.EF.csproj", "{F8D4B5EC-434E-47DF-BD18-99FE1E54AFCB}"
EndProject
Global
	GlobalSection(SolutionConfigurationPlatforms) = preSolution
		Debug|Any CPU = Debug|Any CPU
		Release|Any CPU = Release|Any CPU
	EndGlobalSection
	GlobalSection(ProjectConfigurationPlatforms) = postSolution
		{2556A736-AA78-40ED-8A91-25983F1A63FF}.Debug|Any CPU.ActiveCfg = Debug|Any CPU
		{2556A736-AA78-40ED-8A91-25983F1A63FF}.Debug|Any CPU.Build.0 = Debug|Any CPU
		{2556A736-AA78-40ED-8A91-25983F1A63FF}.Release|Any CPU.ActiveCfg = Release|Any CPU
		{2556A736-AA78-40ED-8A91-25983F1A63FF}.Release|Any CPU.Build.0 = Release|Any CPU
		{ECACC302-6021-4B9F-A753-5719F8F42ED8}.Debug|Any CPU.ActiveCfg = Debug|Any CPU
		{ECACC302-6021-4B9F-A753-5719F8F42ED8}.Debug|Any CPU.Build.0 = Debug|Any CPU
		{ECACC302-6021-4B9F-A753-5719F8F42ED8}.Release|Any CPU.ActiveCfg = Release|Any CPU
		{ECACC302-6021-4B9F-A753-5719F8F42ED8}.Release|Any CPU.Build.0 = Release|Any CPU
		{F8D4B5EC-434E-47DF-BD18-99FE1E54AFCB}.Debug|Any CPU.ActiveCfg = Debug|Any CPU
		{F8D4B5EC-434E-47DF-BD18-99FE1E54AFCB}.Debug|Any CPU.Build.0 = Debug|Any CPU
		{F8D4B5EC-434E-47DF-BD18-99FE1E54AFCB}.Release|Any CPU.ActiveCfg = Release|Any CPU
		{F8D4B5EC-434E-47DF-BD18-99FE1E54AFCB}.Release|Any CPU.Build.0 = Release|Any CPU
	EndGlobalSection
	GlobalSection(SolutionProperties) = preSolution
		HideSolutionNode = FALSE
	EndGlobalSection
	GlobalSection(ExtensibilityGlobals) = postSolution
		SolutionGuid = {2D9C5F1B-FFE6-4BFF-818E-4227456F578C}
	EndGlobalSection
EndGlobal
